
Microsoft Visual Studio Solution File, Format Version 12.00
# Visual Studio 15
VisualStudioVersion = 15.0.28010.2003
MinimumVisualStudioVersion = 10.0.40219.1
Project("{FAE04EC0-301F-11D3-BF4B-00C04F79EFBC}") = "AutomatizaProgram", "AutomatizaProgram\AutomatizaProgram.csproj", "{E403539D-A065-42E9-9033-204FABB45374}"
EndProject
Global
	GlobalSection(SolutionConfigurationPlatforms) = preSolution
		Debug|Any CPU = Debug|Any CPU
		Release|Any CPU = Release|Any CPU
	EndGlobalSection
	GlobalSection(ProjectConfigurationPlatforms) = postSolution
		{E403539D-A065-42E9-9033-204FABB45374}.Debug|Any CPU.ActiveCfg = Debug|Any CPU
		{E403539D-A065-42E9-9033-204FABB45374}.Debug|Any CPU.Build.0 = Debug|Any CPU
		{E403539D-A065-42E9-9033-204FABB45374}.Release|Any CPU.ActiveCfg = Release|Any CPU
		{E403539D-A065-42E9-9033-204FABB45374}.Release|Any CPU.Build.0 = Release|Any CPU
	EndGlobalSection
	GlobalSection(SolutionProperties) = preSolution
		HideSolutionNode = FALSE
	EndGlobalSection
	GlobalSection(ExtensibilityGlobals) = postSolution
		SolutionGuid = {30068573-7955-4090-B5E0-DE588C2299BD}
	EndGlobalSection
EndGlobal
